
Microsoft Visual Studio Solution File, Format Version 12.00
# Visual Studio Version 16
VisualStudioVersion = 16.0.31515.178
MinimumVisualStudioVersion = 10.0.40219.1
Project("{FAE04EC0-301F-11D3-BF4B-00C04F79EFBC}") = "WindowsFormsApp9", "WindowsFormsApp9.csproj", "{546F148C-BB1E-4888-9D75-26C502A68D03}"
EndProject
Global
	GlobalSection(SolutionConfigurationPlatforms) = preSolution
		Debug|Any CPU = Debug|Any CPU
		Release|Any CPU = Release|Any CPU
	EndGlobalSection
	GlobalSection(ProjectConfigurationPlatforms) = postSolution
		{546F148C-BB1E-4888-9D75-26C502A68D03}.Debug|Any CPU.ActiveCfg = Debug|Any CPU
		{546F148C-BB1E-4888-9D75-26C502A68D03}.Debug|Any CPU.Build.0 = Debug|Any CPU
		{546F148C-BB1E-4888-9D75-26C502A68D03}.Release|Any CPU.ActiveCfg = Release|Any CPU
		{546F148C-BB1E-4888-9D75-26C502A68D03}.Release|Any CPU.Build.0 = Release|Any CPU
	EndGlobalSection
	GlobalSection(SolutionProperties) = preSolution
		HideSolutionNode = FALSE
	EndGlobalSection
	GlobalSection(ExtensibilityGlobals) = postSolution
		SolutionGuid = {085FDF7B-10B6-4EB1-AFA7-AF0C25043C20}
	EndGlobalSection
EndGlobal
